{
  "version": 4,
  "terraform_version": "0.13.4",
  "serial": 3,
  "lineage": "e9fcdd3a-6457-307b-3503-fd722d164e52",
  "outputs": {},
  "resources": [
    {
      "mode": "managed",
      "type": "aws_dynamodb_table",
      "name": "postgreslogs-dynamo-db-table",
      "provider": "provider[\"registry.terraform.io/hashicorp/aws\"]",
      "instances": [
        {
          "schema_version": 1,
          "attributes": {
            "arn": "arn:aws:dynamodb:us-west-2:585193511743:table/name_me_better",
            "attribute": [
              {
                "name": "logStream",
                "type": "S"
              }
            ],
            "billing_mode": "PROVISIONED",
            "global_secondary_index": [],
            "hash_key": "logStream",
            "id": "name_me_better",
            "local_secondary_index": [],
            "name": "name_me_better",
            "point_in_time_recovery": [
              {
                "enabled": false
              }
            ],
            "range_key": null,
            "read_capacity": 1,
            "replica": [],
            "restore_date_time": null,
            "restore_source_name": null,
            "restore_to_latest_time": null,
            "server_side_encryption": [],
            "stream_arn": "",
            "stream_enabled": false,
            "stream_label": "",
            "stream_view_type": "",
            "table_class": "",
            "tags": {
              "Criticality": "investigation",
              "Name": "deveop .tf for persistent data",
              "OwnerEmail": "petravic@illinois.edu",
              "Service": "postgreslogs persistent logs",
              "createdBy": "securityAdmin",
              "lifetime": "forever",
              "repo": "github.com:scimma/securit-scripts"
            },
            "tags_all": {
              "Criticality": "investigation",
              "Name": "deveop .tf for persistent data",
              "OwnerEmail": "petravic@illinois.edu",
              "Service": "postgreslogs persistent logs",
              "createdBy": "securityAdmin",
              "lifetime": "forever",
              "repo": "github.com:scimma/securit-scripts"
            },
            "timeouts": null,
            "ttl": [
              {
                "attribute_name": "expTime",
                "enabled": true
              }
            ],
            "write_capacity": 1
          },
          "private": "eyJlMmJmYjczMC1lY2FhLTExZTYtOGY4OC0zNDM2M2JjN2M0YzAiOnsiY3JlYXRlIjoxODAwMDAwMDAwMDAwLCJkZWxldGUiOjYwMDAwMDAwMDAwMCwidXBkYXRlIjozNjAwMDAwMDAwMDAwfSwic2NoZW1hX3ZlcnNpb24iOiIxIn0="
        }
      ]
    },
    {
      "mode": "managed",
      "type": "aws_iam_policy",
      "name": "dynamodb-put-item-policy",
      "provider": "provider[\"registry.terraform.io/hashicorp/aws\"]",
      "instances": [
        {
          "schema_version": 0,
          "attributes": {
            "arn": "arn:aws:iam::585193511743:policy/name_me_better",
            "description": "This policy allows the lamba function to put loga in dynamo db.",
            "id": "arn:aws:iam::585193511743:policy/name_me_better",
            "name": "name_me_better",
            "name_prefix": null,
            "path": "/",
            "policy": "{\"Statement\":[{\"Action\":[\"dynamodb:PutItem\"],\"Effect\":\"Allow\",\"Resource\":\"arn:aws:dynamodb:us-west-2:585193511743:table/name_me_better\",\"Sid\":\"PutItem\"}],\"Version\":\"2012-10-17\"}",
            "policy_id": "ANPAYQQCALM76774MO6YA",
            "tags": {
              "Criticality": "investigation",
              "Name": "deveop .tf for persistent data",
              "OwnerEmail": "petravic@illinois.edu",
              "Service": "postgreslogs persistent logs",
              "createdBy": "securityAdmin",
              "lifetime": "forever",
              "repo": "github.com:scimma/securit-scripts"
            },
            "tags_all": {
              "Criticality": "investigation",
              "Name": "deveop .tf for persistent data",
              "OwnerEmail": "petravic@illinois.edu",
              "Service": "postgreslogs persistent logs",
              "createdBy": "securityAdmin",
              "lifetime": "forever",
              "repo": "github.com:scimma/securit-scripts"
            }
          },
          "private": "bnVsbA==",
          "dependencies": [
            "aws_dynamodb_table.postgreslogs-dynamo-db-table"
          ]
        }
      ]
    }
  ]
}
